
Microsoft Visual Studio Solution File, Format Version 12.00
# Visual Studio Version 16
VisualStudioVersion = 16.0.30204.135
MinimumVisualStudioVersion = 10.0.40219.1
Project("{FAE04EC0-301F-11D3-BF4B-00C04F79EFBC}") = "ExampleZoom", "ExampleZoom\ExampleZoom.csproj", "{6CC68FD0-1BDF-44D5-AB12-45E3011D29F3}"
EndProject
Global
	GlobalSection(SolutionConfigurationPlatforms) = preSolution
		Debug|Any CPU = Debug|Any CPU
		Release|Any CPU = Release|Any CPU
	EndGlobalSection
	GlobalSection(ProjectConfigurationPlatforms) = postSolution
		{6CC68FD0-1BDF-44D5-AB12-45E3011D29F3}.Debug|Any CPU.ActiveCfg = Debug|Any CPU
		{6CC68FD0-1BDF-44D5-AB12-45E3011D29F3}.Debug|Any CPU.Build.0 = Debug|Any CPU
		{6CC68FD0-1BDF-44D5-AB12-45E3011D29F3}.Release|Any CPU.ActiveCfg = Release|Any CPU
		{6CC68FD0-1BDF-44D5-AB12-45E3011D29F3}.Release|Any CPU.Build.0 = Release|Any CPU
	EndGlobalSection
	GlobalSection(SolutionProperties) = preSolution
		HideSolutionNode = FALSE
	EndGlobalSection
	GlobalSection(ExtensibilityGlobals) = postSolution
		SolutionGuid = {7BD3CEDE-810E-43F6-9D6B-61A743FA8BA1}
	EndGlobalSection
EndGlobal
